
Microsoft Visual Studio Solution File, Format Version 12.00
# Visual Studio Version 17
VisualStudioVersion = 17.3.32929.385
MinimumVisualStudioVersion = 10.0.40219.1
Project("{FAE04EC0-301F-11D3-BF4B-00C04F79EFBC}") = "kak to tak", "kak to tak\kak to tak.csproj", "{D391C7C4-4B44-4846-8C23-959332F5D81B}"
EndProject
Global
	GlobalSection(SolutionConfigurationPlatforms) = preSolution
		Debug|Any CPU = Debug|Any CPU
		Release|Any CPU = Release|Any CPU
	EndGlobalSection
	GlobalSection(ProjectConfigurationPlatforms) = postSolution
		{D391C7C4-4B44-4846-8C23-959332F5D81B}.Debug|Any CPU.ActiveCfg = Debug|Any CPU
		{D391C7C4-4B44-4846-8C23-959332F5D81B}.Debug|Any CPU.Build.0 = Debug|Any CPU
		{D391C7C4-4B44-4846-8C23-959332F5D81B}.Release|Any CPU.ActiveCfg = Release|Any CPU
		{D391C7C4-4B44-4846-8C23-959332F5D81B}.Release|Any CPU.Build.0 = Release|Any CPU
	EndGlobalSection
	GlobalSection(SolutionProperties) = preSolution
		HideSolutionNode = FALSE
	EndGlobalSection
	GlobalSection(ExtensibilityGlobals) = postSolution
		SolutionGuid = {24A492DD-BF2F-43F3-8CCC-0F4A5003D7A3}
	EndGlobalSection
EndGlobal
